github.com/google/go-cmp v0.6.0 h1:ofyhxvXcZhMsU5ulbFiLKl/XBFqE1GSq7atu8tAmTRI=
github.com/google/go-cmp v0.6.0/go.mod h1:17dUlkBOakJ0+DkrSSNjCkIjxS6bF9zb3elmeNGIjoY=
github.com/koron-go/janorm v1.0.0 h1:hVhM0u7Fl/mDcMH8UNcvD9d19UocS3WzyjZItNiNTsc=
github.com/koron-go/janorm v1.0.0/go.mod h1:TPAgxBeePw0q96oWByIsScNXOOpMJNXtTIvyvXfPNq8=
github.com/koron-go/trietree v1.0.0 h1:KI5aj/a56+CjUCE1noi9LAS/WhdUo1nlsZ0wY93djYE=
github.com/koron-go/trietree v1.0.0/go.mod h1:0FPOmULU2oGSwaNSD4qD/0kZ04lTFNO6j1WYuAtIIKk=
github.com/koron/go-subcmd v1.0.0 h1:AVCdeWSfY9LaiuVHAumEKV3OYIIKG7pHw/+vvxhlJdk=
github.com/koron/go-subcmd v1.0.0/go.mod h1:D+hefRR744UrPtYBpn9xhuXNdJK4NliVntPEPTZajjA=
golang.org/x/text v0.14.0 h1:ScX5w1eTa3QqT8oi6+ziP7dTV1S2+ALU0bI+0zXKWiQ=
golang.org/x/text v0.14.0/go.mod h1:18ZOQIKpY8NJVqYksKHtTdi31H5itFRjB5/qKTNYzSU=
